
Microsoft Visual Studio Solution File, Format Version 12.00
Project("{FAE04EC0-301F-11D3-BF4B-00C04F79EFBC}") = "example1", "example1\example1.csproj", "{A5D29CF3-1AB7-4300-BD9C-78721DC68A0F}"
EndProject
Project("{FAE04EC0-301F-11D3-BF4B-00C04F79EFBC}") = "example2", "example2\example2.csproj", "{29B38879-AAB5-4B08-B188-DD3012F67751}"
EndProject
Project("{FAE04EC0-301F-11D3-BF4B-00C04F79EFBC}") = "example3", "example3\example3.csproj", "{04BEFE76-4FCE-43DE-A789-E575958FA6E7}"
EndProject
Project("{FAE04EC0-301F-11D3-BF4B-00C04F79EFBC}") = "example4", "example4\example4.csproj", "{A580FE80-B1A4-4857-9535-2ED8E0B68989}"
EndProject
Project("{FAE04EC0-301F-11D3-BF4B-00C04F79EFBC}") = "example5", "example5\example5.csproj", "{B3A99BFA-9EFA-474E-95F2-B84A477E629D}"
EndProject
Global
	GlobalSection(SolutionConfigurationPlatforms) = preSolution
		Debug|Any CPU = Debug|Any CPU
		Release|Any CPU = Release|Any CPU
	EndGlobalSection
	GlobalSection(ProjectConfigurationPlatforms) = postSolution
		{A5D29CF3-1AB7-4300-BD9C-78721DC68A0F}.Debug|Any CPU.ActiveCfg = Debug|Any CPU
		{A5D29CF3-1AB7-4300-BD9C-78721DC68A0F}.Debug|Any CPU.Build.0 = Debug|Any CPU
		{A5D29CF3-1AB7-4300-BD9C-78721DC68A0F}.Release|Any CPU.ActiveCfg = Release|Any CPU
		{A5D29CF3-1AB7-4300-BD9C-78721DC68A0F}.Release|Any CPU.Build.0 = Release|Any CPU
		{29B38879-AAB5-4B08-B188-DD3012F67751}.Debug|Any CPU.ActiveCfg = Debug|Any CPU
		{29B38879-AAB5-4B08-B188-DD3012F67751}.Debug|Any CPU.Build.0 = Debug|Any CPU
		{29B38879-AAB5-4B08-B188-DD3012F67751}.Release|Any CPU.ActiveCfg = Release|Any CPU
		{29B38879-AAB5-4B08-B188-DD3012F67751}.Release|Any CPU.Build.0 = Release|Any CPU
		{04BEFE76-4FCE-43DE-A789-E575958FA6E7}.Debug|Any CPU.ActiveCfg = Debug|Any CPU
		{04BEFE76-4FCE-43DE-A789-E575958FA6E7}.Debug|Any CPU.Build.0 = Debug|Any CPU
		{04BEFE76-4FCE-43DE-A789-E575958FA6E7}.Release|Any CPU.ActiveCfg = Release|Any CPU
		{04BEFE76-4FCE-43DE-A789-E575958FA6E7}.Release|Any CPU.Build.0 = Release|Any CPU
		{A580FE80-B1A4-4857-9535-2ED8E0B68989}.Debug|Any CPU.ActiveCfg = Debug|Any CPU
		{A580FE80-B1A4-4857-9535-2ED8E0B68989}.Debug|Any CPU.Build.0 = Debug|Any CPU
		{A580FE80-B1A4-4857-9535-2ED8E0B68989}.Release|Any CPU.ActiveCfg = Release|Any CPU
		{A580FE80-B1A4-4857-9535-2ED8E0B68989}.Release|Any CPU.Build.0 = Release|Any CPU
		{B3A99BFA-9EFA-474E-95F2-B84A477E629D}.Debug|Any CPU.ActiveCfg = Debug|Any CPU
		{B3A99BFA-9EFA-474E-95F2-B84A477E629D}.Debug|Any CPU.Build.0 = Debug|Any CPU
		{B3A99BFA-9EFA-474E-95F2-B84A477E629D}.Release|Any CPU.ActiveCfg = Release|Any CPU
		{B3A99BFA-9EFA-474E-95F2-B84A477E629D}.Release|Any CPU.Build.0 = Release|Any CPU
	EndGlobalSection
EndGlobal
